{
  "version": 4,
  "terraform_version": "1.12.2",
  "serial": 4,
  "lineage": "c93c0dff-e181-47c3-5674-a7e19487dcb3",
  "outputs": {},
  "resources": [
    {
      "mode": "managed",
      "type": "aws_key_pair",
      "name": "budget_key",
      "provider": "provider[\"registry.terraform.io/hashicorp/aws\"]",
      "instances": [
        {
          "schema_version": 1,
          "attributes": {
            "arn": "arn:aws:ec2:us-east-1:517977918280:key-pair/budget-key",
            "fingerprint": "df:95:15:67:ba:a4:c4:e9:57:62:67:17:d2:84:b3:70",
            "id": "budget-key",
            "key_name": "budget-key",
            "key_name_prefix": "",
            "key_pair_id": "key-0201e1f57ffbd918d",
            "key_type": "rsa",
            "public_key": "ssh-rsa AAAAB3NzaC1yc2EAAAADAQABAAACAQDxTBTC3j4vTw5cPzZQl38pBZAiVEyU/vRF0y1/VVQr8xkp4+y3p5BfopkjmLVh2kDsCIGhaTNHqgSOpEQAZ5QQrTvdTZjzgkPhNbwsVwXVWsMM9/2UUrrkD0afvlexdCVZUokHNsHYY6JoevHnP6QxN0ToQBCCPHtcVuPHE174AKxRjy617eCzz6jOxgd+5858ZDl+rH0lJQci6v6gw3dhxCAPonIqK2YhBdlcrFnzj5r7owkYDRntYVwsz+DfqOORpVj9T0QRzVf/2S3oggrcUoG0oSvmK9akkrS3MUM5PM17Ec9gfMg63RdkjCfOfJHXM0tVDRfirzgMcX2BGvMUcuEzO6t06h0W8pQtAC/Mbf+uCch/7OSqW2nGfnDy84NyRcXYk0GeFzbthmyDuwDR0472elWhMW6Cm/3PvREqdQ+fvy1mqo1LFghSOPXomluDvGQjjVSVMdcteQSiIOAwqfMr95b/UC6MH6wAFBB6upo+4EHIt1KRVKMSmPHTTrmxszOGcQi6IiaLUMReIH0emHarmY7AVWOauEwuflywlapVYF15WNV+MKmbrcxDyw5vitsHsI833pTSaHxr0TqacyP9QXm+2M88xf1CuomuggXlp1LIsJjhHvnSNWHHja9e0pQ48Ypfd5QuhTQe9k08NbV5UxAZw9t5Hs7HfHD+ww== jsbowen79@outlook.com",
            "region": "us-east-1",
            "tags": null,
            "tags_all": {}
          },
          "sensitive_attributes": [],
          "identity_schema_version": 0,
          "private": "eyJzY2hlbWFfdmVyc2lvbiI6IjEifQ=="
        }
      ]
    },
    {
      "mode": "managed",
      "type": "aws_security_group",
      "name": "k3s_sg",
      "provider": "provider[\"registry.terraform.io/hashicorp/aws\"]",
      "instances": [
        {
          "schema_version": 1,
          "attributes": {
            "arn": "arn:aws:ec2:us-east-1:517977918280:security-group/sg-0e854f86923712448",
            "description": "Allow SSH (22) and HTTP (80) access",
            "egress": [
              {
                "cidr_blocks": [
                  "0.0.0.0/0"
                ],
                "description": "",
                "from_port": 0,
                "ipv6_cidr_blocks": [],
                "prefix_list_ids": [],
                "protocol": "-1",
                "security_groups": [],
                "self": false,
                "to_port": 0
              }
            ],
            "id": "sg-0e854f86923712448",
            "ingress": [
              {
                "cidr_blocks": [
                  "0.0.0.0/0"
                ],
                "description": "HTTP",
                "from_port": 80,
                "ipv6_cidr_blocks": [],
                "prefix_list_ids": [],
                "protocol": "tcp",
                "security_groups": [],
                "self": false,
                "to_port": 80
              },
              {
                "cidr_blocks": [
                  "0.0.0.0/0"
                ],
                "description": "SSH",
                "from_port": 22,
                "ipv6_cidr_blocks": [],
                "prefix_list_ids": [],
                "protocol": "tcp",
                "security_groups": [],
                "self": false,
                "to_port": 22
              }
            ],
            "name": "k3s-security-group",
            "name_prefix": "",
            "owner_id": "517977918280",
            "region": "us-east-1",
            "revoke_rules_on_delete": false,
            "tags": null,
            "tags_all": {},
            "timeouts": null,
            "vpc_id": "vpc-04315249ae90b1c0b"
          },
          "sensitive_attributes": [],
          "identity_schema_version": 0,
          "private": "eyJlMmJmYjczMC1lY2FhLTExZTYtOGY4OC0zNDM2M2JjN2M0YzAiOnsiY3JlYXRlIjo2MDAwMDAwMDAwMDAsImRlbGV0ZSI6OTAwMDAwMDAwMDAwfSwic2NoZW1hX3ZlcnNpb24iOiIxIn0="
        }
      ]
    }
  ],
  "check_results": null
}
